
Microsoft Visual Studio Solution File, Format Version 12.00
# Visual Studio Version 17
VisualStudioVersion = 17.9.34728.123
MinimumVisualStudioVersion = 10.0.40219.1
Project("{FAE04EC0-301F-11D3-BF4B-00C04F79EFBC}") = "work12", "work12\work12.csproj", "{BA5A5221-AE21-4708-B2BD-C90B722E2EEF}"
EndProject
Global
	GlobalSection(SolutionConfigurationPlatforms) = preSolution
		Debug|Any CPU = Debug|Any CPU
		Release|Any CPU = Release|Any CPU
	EndGlobalSection
	GlobalSection(ProjectConfigurationPlatforms) = postSolution
		{BA5A5221-AE21-4708-B2BD-C90B722E2EEF}.Debug|Any CPU.ActiveCfg = Debug|Any CPU
		{BA5A5221-AE21-4708-B2BD-C90B722E2EEF}.Debug|Any CPU.Build.0 = Debug|Any CPU
		{BA5A5221-AE21-4708-B2BD-C90B722E2EEF}.Release|Any CPU.ActiveCfg = Release|Any CPU
		{BA5A5221-AE21-4708-B2BD-C90B722E2EEF}.Release|Any CPU.Build.0 = Release|Any CPU
	EndGlobalSection
	GlobalSection(SolutionProperties) = preSolution
		HideSolutionNode = FALSE
	EndGlobalSection
	GlobalSection(ExtensibilityGlobals) = postSolution
		SolutionGuid = {F63EED61-1E51-4663-B2A0-D87A32B17961}
	EndGlobalSection
EndGlobal
